// !$*UTF8*$!
{
	archiveVersion = 1;
	classes = {
	};
	objectVersion = 50;
	objects = {

/* Begin PBXBuildFile section */
		0C71647B1579DDD20C098F73 /* libPods-Demo.a in Frameworks */ = {isa = PBXBuildFile; fileRef = ED77FDD3F9C821FB9304C0F3 /* libPods-Demo.a */; };
		C6793D75049A266721EBBB1E /* libPods-DemoTests.a in Frameworks */ = {isa = PBXBuildFile; fileRef = 61BD3FBA03C80E02E830F102 /* libPods-DemoTests.a */; };
		F61931EE23F1547F0080DD42 /* MockPhotoDataSource.swift in Sources */ = {isa = PBXBuildFile; fileRef = F61931ED23F1547F0080DD42 /* MockPhotoDataSource.swift */; };
		F61931F023F1548B0080DD42 /* MockPhotoViewModel.swift in Sources */ = {isa = PBXBuildFile; fileRef = F61931EF23F1548B0080DD42 /* MockPhotoViewModel.swift */; };
		F61931F223F164B20080DD42 /* PhotoViewModelTester.swift in Sources */ = {isa = PBXBuildFile; fileRef = F61931F123F164B20080DD42 /* PhotoViewModelTester.swift */; };
		F61931F423F172750080DD42 /* PhotosViewControllerTester.swift in Sources */ = {isa = PBXBuildFile; fileRef = F61931F323F172750080DD42 /* PhotosViewControllerTester.swift */; };
		F69AD29723F09E7500FFB5CD /* Assets.xcassets in Resources */ = {isa = PBXBuildFile; fileRef = F69AD29623F09E7500FFB5CD /* Assets.xcassets */; };
		F6A5935423F0A33500E5A6F0 /* AppDelegate.swift in Sources */ = {isa = PBXBuildFile; fileRef = F6A5935323F0A33500E5A6F0 /* AppDelegate.swift */; };
		F6A5935623F0A35100E5A6F0 /* DI.swift in Sources */ = {isa = PBXBuildFile; fileRef = F6A5935523F0A35100E5A6F0 /* DI.swift */; };
		F6A5935C23F0A3EF00E5A6F0 /* LaunchScreen.storyboard in Resources */ = {isa = PBXBuildFile; fileRef = F6A5935B23F0A3EF00E5A6F0 /* LaunchScreen.storyboard */; };
		F6A5935E23F0A3FC00E5A6F0 /* Main.storyboard in Resources */ = {isa = PBXBuildFile; fileRef = F6A5935D23F0A3FC00E5A6F0 /* Main.storyboard */; };
		F6A5936023F0A46000E5A6F0 /* RxViewModel.swift in Sources */ = {isa = PBXBuildFile; fileRef = F6A5935F23F0A46000E5A6F0 /* RxViewModel.swift */; };
		F6A5936223F0A46300E5A6F0 /* RxRepository.swift in Sources */ = {isa = PBXBuildFile; fileRef = F6A5936123F0A46300E5A6F0 /* RxRepository.swift */; };
		F6A5936423F0A46700E5A6F0 /* RxViewController.swift in Sources */ = {isa = PBXBuildFile; fileRef = F6A5936323F0A46600E5A6F0 /* RxViewController.swift */; };
		F6A5936823F0A4AE00E5A6F0 /* Localizable.strings in Resources */ = {isa = PBXBuildFile; fileRef = F6A5936A23F0A4AE00E5A6F0 /* Localizable.strings */; };
		F6A5936D23F0A4D100E5A6F0 /* String.swift in Sources */ = {isa = PBXBuildFile; fileRef = F6A5936C23F0A4CD00E5A6F0 /* String.swift */; };
		F6A5936F23F0A4DF00E5A6F0 /* UIScrollImageView.swift in Sources */ = {isa = PBXBuildFile; fileRef = F6A5936E23F0A4DF00E5A6F0 /* UIScrollImageView.swift */; };
		F6A5937223F0A4FA00E5A6F0 /* PhotoCollection.swift in Sources */ = {isa = PBXBuildFile; fileRef = F6A5937123F0A4FA00E5A6F0 /* PhotoCollection.swift */; };
		F6A5937523F0A50900E5A6F0 /* PhotoDataSource.swift in Sources */ = {isa = PBXBuildFile; fileRef = F6A5937423F0A50900E5A6F0 /* PhotoDataSource.swift */; };
		F6A5937723F0A50E00E5A6F0 /* PhotoRepository.swift in Sources */ = {isa = PBXBuildFile; fileRef = F6A5937623F0A50E00E5A6F0 /* PhotoRepository.swift */; };
		F6A5937923F0A51B00E5A6F0 /* PhotoViewController.swift in Sources */ = {isa = PBXBuildFile; fileRef = F6A5937823F0A51B00E5A6F0 /* PhotoViewController.swift */; };
		F6A5937B23F0A52400E5A6F0 /* PhotoCollectionViewController.swift in Sources */ = {isa = PBXBuildFile; fileRef = F6A5937A23F0A52400E5A6F0 /* PhotoCollectionViewController.swift */; };
		F6A5937D23F0A52900E5A6F0 /* PhotosViewController.swift in Sources */ = {isa = PBXBuildFile; fileRef = F6A5937C23F0A52900E5A6F0 /* PhotosViewController.swift */; };
		F6A5937F23F0A52E00E5A6F0 /* PhotoViewModel.swift in Sources */ = {isa = PBXBuildFile; fileRef = F6A5937E23F0A52E00E5A6F0 /* PhotoViewModel.swift */; };
		F6A5938123F0A55600E5A6F0 /* PhotoTableViewCell.swift in Sources */ = {isa = PBXBuildFile; fileRef = F6A5938023F0A55600E5A6F0 /* PhotoTableViewCell.swift */; };
		F6A5938423F0A56300E5A6F0 /* PhotoTableViewCell.xib in Resources */ = {isa = PBXBuildFile; fileRef = F6A5938323F0A56300E5A6F0 /* PhotoTableViewCell.xib */; };
		F6A5938623F0A56800E5A6F0 /* PhotoCollectionViewCell.swift in Sources */ = {isa = PBXBuildFile; fileRef = F6A5938523F0A56800E5A6F0 /* PhotoCollectionViewCell.swift */; };
		F6A5938823F0A56D00E5A6F0 /* PhotoCollectionViewCell.xib in Resources */ = {isa = PBXBuildFile; fileRef = F6A5938723F0A56D00E5A6F0 /* PhotoCollectionViewCell.xib */; };
		F6A5938A23F0A98400E5A6F0 /* MockPhotoRepository.swift in Sources */ = {isa = PBXBuildFile; fileRef = F6A5938923F0A98400E5A6F0 /* MockPhotoRepository.swift */; };
		F6A5938C23F0A99200E5A6F0 /* PhotoRepositoryTester.swift in Sources */ = {isa = PBXBuildFile; fileRef = F6A5938B23F0A99200E5A6F0 /* PhotoRepositoryTester.swift */; };
		F6C9FCAD23F178730006DF50 /* PhotoCollectionViewControllerTester.swift in Sources */ = {isa = PBXBuildFile; fileRef = F6C9FCAC23F178730006DF50 /* PhotoCollectionViewControllerTester.swift */; };
/* End PBXBuildFile section */

/* Begin PBXContainerItemProxy section */
		F69AD2A123F09E7500FFB5CD /* PBXContainerItemProxy */ = {
			isa = PBXContainerItemProxy;
			containerPortal = F69AD28223F09E7400FFB5CD /* Project object */;
			proxyType = 1;
			remoteGlobalIDString = F69AD28923F09E7400FFB5CD;
			remoteInfo = Demo;
		};
/* End PBXContainerItemProxy section */

/* Begin PBXFileReference section */
		22F8E2B4F6FB69DBD2DE12AB /* Pods-DemoTests.release.xcconfig */ = {isa = PBXFileReference; includeInIndex = 1; lastKnownFileType = text.xcconfig; name = "Pods-DemoTests.release.xcconfig"; path = "Target Support Files/Pods-DemoTests/Pods-DemoTests.release.xcconfig"; sourceTree = "<group>"; };
		61BD3FBA03C80E02E830F102 /* libPods-DemoTests.a */ = {isa = PBXFileReference; explicitFileType = archive.ar; includeInIndex = 0; path = "libPods-DemoTests.a"; sourceTree = BUILT_PRODUCTS_DIR; };
		C2B433594DC0A1BAB4B894C0 /* Pods-DemoTests.debug.xcconfig */ = {isa = PBXFileReference; includeInIndex = 1; lastKnownFileType = text.xcconfig; name = "Pods-DemoTests.debug.xcconfig"; path = "Target Support Files/Pods-DemoTests/Pods-DemoTests.debug.xcconfig"; sourceTree = "<group>"; };
		E77FC9804F2D2D05EEA9FF8E /* Pods-Demo.debug.xcconfig */ = {isa = PBXFileReference; includeInIndex = 1; lastKnownFileType = text.xcconfig; name = "Pods-Demo.debug.xcconfig"; path = "Target Support Files/Pods-Demo/Pods-Demo.debug.xcconfig"; sourceTree = "<group>"; };
		ED77FDD3F9C821FB9304C0F3 /* libPods-Demo.a */ = {isa = PBXFileReference; explicitFileType = archive.ar; includeInIndex = 0; path = "libPods-Demo.a"; sourceTree = BUILT_PRODUCTS_DIR; };
		F3927D183BC5B74C7DC8DED3 /* Pods-Demo.release.xcconfig */ = {isa = PBXFileReference; includeInIndex = 1; lastKnownFileType = text.xcconfig; name = "Pods-Demo.release.xcconfig"; path = "Target Support Files/Pods-Demo/Pods-Demo.release.xcconfig"; sourceTree = "<group>"; };
		F61931ED23F1547F0080DD42 /* MockPhotoDataSource.swift */ = {isa = PBXFileReference; lastKnownFileType = sourcecode.swift; path = MockPhotoDataSource.swift; sourceTree = "<group>"; };
		F61931EF23F1548B0080DD42 /* MockPhotoViewModel.swift */ = {isa = PBXFileReference; lastKnownFileType = sourcecode.swift; path = MockPhotoViewModel.swift; sourceTree = "<group>"; };
		F61931F123F164B20080DD42 /* PhotoViewModelTester.swift */ = {isa = PBXFileReference; lastKnownFileType = sourcecode.swift; path = PhotoViewModelTester.swift; sourceTree = "<group>"; };
		F61931F323F172750080DD42 /* PhotosViewControllerTester.swift */ = {isa = PBXFileReference; lastKnownFileType = sourcecode.swift; path = PhotosViewControllerTester.swift; sourceTree = "<group>"; };
		F69AD28A23F09E7400FFB5CD /* Demo.app */ = {isa = PBXFileReference; explicitFileType = wrapper.application; includeInIndex = 0; path = Demo.app; sourceTree = BUILT_PRODUCTS_DIR; };
		F69AD29623F09E7500FFB5CD /* Assets.xcassets */ = {isa = PBXFileReference; lastKnownFileType = folder.assetcatalog; path = Assets.xcassets; sourceTree = "<group>"; };
		F69AD29B23F09E7500FFB5CD /* Info.plist */ = {isa = PBXFileReference; lastKnownFileType = text.plist.xml; path = Info.plist; sourceTree = "<group>"; };
		F69AD2A023F09E7500FFB5CD /* DemoTests.xctest */ = {isa = PBXFileReference; explicitFileType = wrapper.cfbundle; includeInIndex = 0; path = DemoTests.xctest; sourceTree = BUILT_PRODUCTS_DIR; };
		F69AD2A623F09E7500FFB5CD /* Info.plist */ = {isa = PBXFileReference; lastKnownFileType = text.plist.xml; path = Info.plist; sourceTree = "<group>"; };
		F6A5935323F0A33500E5A6F0 /* AppDelegate.swift */ = {isa = PBXFileReference; fileEncoding = 4; lastKnownFileType = sourcecode.swift; path = AppDelegate.swift; sourceTree = "<group>"; };
		F6A5935523F0A35100E5A6F0 /* DI.swift */ = {isa = PBXFileReference; fileEncoding = 4; lastKnownFileType = sourcecode.swift; path = DI.swift; sourceTree = "<group>"; };
		F6A5935B23F0A3EF00E5A6F0 /* LaunchScreen.storyboard */ = {isa = PBXFileReference; fileEncoding = 4; lastKnownFileType = file.storyboard; path = LaunchScreen.storyboard; sourceTree = "<group>"; };
		F6A5935D23F0A3FC00E5A6F0 /* Main.storyboard */ = {isa = PBXFileReference; fileEncoding = 4; lastKnownFileType = file.storyboard; path = Main.storyboard; sourceTree = "<group>"; };
		F6A5935F23F0A46000E5A6F0 /* RxViewModel.swift */ = {isa = PBXFileReference; fileEncoding = 4; lastKnownFileType = sourcecode.swift; path = RxViewModel.swift; sourceTree = "<group>"; };
		F6A5936123F0A46300E5A6F0 /* RxRepository.swift */ = {isa = PBXFileReference; lastKnownFileType = sourcecode.swift; path = RxRepository.swift; sourceTree = "<group>"; };
		F6A5936323F0A46600E5A6F0 /* RxViewController.swift */ = {isa = PBXFileReference; lastKnownFileType = sourcecode.swift; path = RxViewController.swift; sourceTree = "<group>"; };
		F6A5936923F0A4AE00E5A6F0 /* fr */ = {isa = PBXFileReference; lastKnownFileType = text.plist.strings; name = fr; path = fr.lproj/Localizable.strings; sourceTree = "<group>"; };
		F6A5936B23F0A4B600E5A6F0 /* en */ = {isa = PBXFileReference; lastKnownFileType = text.plist.strings; name = en; path = en.lproj/Localizable.strings; sourceTree = "<group>"; };
		F6A5936C23F0A4CD00E5A6F0 /* String.swift */ = {isa = PBXFileReference; lastKnownFileType = sourcecode.swift; path = String.swift; sourceTree = "<group>"; };
		F6A5936E23F0A4DF00E5A6F0 /* UIScrollImageView.swift */ = {isa = PBXFileReference; fileEncoding = 4; lastKnownFileType = sourcecode.swift; path = UIScrollImageView.swift; sourceTree = "<group>"; };
		F6A5937123F0A4FA00E5A6F0 /* PhotoCollection.swift */ = {isa = PBXFileReference; fileEncoding = 4; lastKnownFileType = sourcecode.swift; path = PhotoCollection.swift; sourceTree = "<group>"; };
		F6A5937423F0A50900E5A6F0 /* PhotoDataSource.swift */ = {isa = PBXFileReference; fileEncoding = 4; lastKnownFileType = sourcecode.swift; path = PhotoDataSource.swift; sourceTree = "<group>"; };
		F6A5937623F0A50E00E5A6F0 /* PhotoRepository.swift */ = {isa = PBXFileReference; fileEncoding = 4; lastKnownFileType = sourcecode.swift; path = PhotoRepository.swift; sourceTree = "<group>"; };
		F6A5937823F0A51B00E5A6F0 /* PhotoViewController.swift */ = {isa = PBXFileReference; fileEncoding = 4; lastKnownFileType = sourcecode.swift; path = PhotoViewController.swift; sourceTree = "<group>"; };
		F6A5937A23F0A52400E5A6F0 /* PhotoCollectionViewController.swift */ = {isa = PBXFileReference; fileEncoding = 4; lastKnownFileType = sourcecode.swift; path = PhotoCollectionViewController.swift; sourceTree = "<group>"; };
		F6A5937C23F0A52900E5A6F0 /* PhotosViewController.swift */ = {isa = PBXFileReference; fileEncoding = 4; lastKnownFileType = sourcecode.swift; path = PhotosViewController.swift; sourceTree = "<group>"; };
		F6A5937E23F0A52E00E5A6F0 /* PhotoViewModel.swift */ = {isa = PBXFileReference; fileEncoding = 4; lastKnownFileType = sourcecode.swift; path = PhotoViewModel.swift; sourceTree = "<group>"; };
		F6A5938023F0A55600E5A6F0 /* PhotoTableViewCell.swift */ = {isa = PBXFileReference; fileEncoding = 4; lastKnownFileType = sourcecode.swift; path = PhotoTableViewCell.swift; sourceTree = "<group>"; };
		F6A5938323F0A56300E5A6F0 /* PhotoTableViewCell.xib */ = {isa = PBXFileReference; fileEncoding = 4; lastKnownFileType = file.xib; path = PhotoTableViewCell.xib; sourceTree = "<group>"; };
		F6A5938523F0A56800E5A6F0 /* PhotoCollectionViewCell.swift */ = {isa = PBXFileReference; fileEncoding = 4; lastKnownFileType = sourcecode.swift; path = PhotoCollectionViewCell.swift; sourceTree = "<group>"; };
		F6A5938723F0A56D00E5A6F0 /* PhotoCollectionViewCell.xib */ = {isa = PBXFileReference; fileEncoding = 4; lastKnownFileType = file.xib; path = PhotoCollectionViewCell.xib; sourceTree = "<group>"; };
		F6A5938923F0A98400E5A6F0 /* MockPhotoRepository.swift */ = {isa = PBXFileReference; fileEncoding = 4; lastKnownFileType = sourcecode.swift; path = MockPhotoRepository.swift; sourceTree = "<group>"; };
		F6A5938B23F0A99200E5A6F0 /* PhotoRepositoryTester.swift */ = {isa = PBXFileReference; fileEncoding = 4; lastKnownFileType = sourcecode.swift; path = PhotoRepositoryTester.swift; sourceTree = "<group>"; };
		F6C9FCAC23F178730006DF50 /* PhotoCollectionViewControllerTester.swift */ = {isa = PBXFileReference; lastKnownFileType = sourcecode.swift; path = PhotoCollectionViewControllerTester.swift; sourceTree = "<group>"; };
/* End PBXFileReference section */

/* Begin PBXFrameworksBuildPhase section */
		F69AD28723F09E7400FFB5CD /* Frameworks */ = {
			isa = PBXFrameworksBuildPhase;
			buildActionMask = 2147483647;
			files = (
				0C71647B1579DDD20C098F73 /* libPods-Demo.a in Frameworks */,
			);
			runOnlyForDeploymentPostprocessing = 0;
		};
		F69AD29D23F09E7500FFB5CD /* Frameworks */ = {
			isa = PBXFrameworksBuildPhase;
			buildActionMask = 2147483647;
			files = (
				C6793D75049A266721EBBB1E /* libPods-DemoTests.a in Frameworks */,
			);
			runOnlyForDeploymentPostprocessing = 0;
		};
/* End PBXFrameworksBuildPhase section */

/* Begin PBXGroup section */
		676EB9C3900C4DAB43656884 /* Pods */ = {
			isa = PBXGroup;
			children = (
				E77FC9804F2D2D05EEA9FF8E /* Pods-Demo.debug.xcconfig */,
				F3927D183BC5B74C7DC8DED3 /* Pods-Demo.release.xcconfig */,
				C2B433594DC0A1BAB4B894C0 /* Pods-DemoTests.debug.xcconfig */,
				22F8E2B4F6FB69DBD2DE12AB /* Pods-DemoTests.release.xcconfig */,
			);
			path = Pods;
			sourceTree = "<group>";
		};
		BCE925947574E0DD48A86146 /* Frameworks */ = {
			isa = PBXGroup;
			children = (
				ED77FDD3F9C821FB9304C0F3 /* libPods-Demo.a */,
				61BD3FBA03C80E02E830F102 /* libPods-DemoTests.a */,
			);
			name = Frameworks;
			sourceTree = "<group>";
		};
		F61931EC23F154720080DD42 /* Mocks */ = {
			isa = PBXGroup;
			children = (
				F61931ED23F1547F0080DD42 /* MockPhotoDataSource.swift */,
				F6A5938923F0A98400E5A6F0 /* MockPhotoRepository.swift */,
				F61931EF23F1548B0080DD42 /* MockPhotoViewModel.swift */,
			);
			path = Mocks;
			sourceTree = "<group>";
		};
		F69AD28123F09E7400FFB5CD = {
			isa = PBXGroup;
			children = (
				F69AD28C23F09E7400FFB5CD /* Demo */,
				F69AD2A323F09E7500FFB5CD /* DemoTests */,
				F69AD28B23F09E7400FFB5CD /* Products */,
				676EB9C3900C4DAB43656884 /* Pods */,
				BCE925947574E0DD48A86146 /* Frameworks */,
			);
			sourceTree = "<group>";
		};
		F69AD28B23F09E7400FFB5CD /* Products */ = {
			isa = PBXGroup;
			children = (
				F69AD28A23F09E7400FFB5CD /* Demo.app */,
				F69AD2A023F09E7500FFB5CD /* DemoTests.xctest */,
			);
			name = Products;
			sourceTree = "<group>";
		};
		F69AD28C23F09E7400FFB5CD /* Demo */ = {
			isa = PBXGroup;
			children = (
				F6A5935723F0A37B00E5A6F0 /* App */,
				F69AD29623F09E7500FFB5CD /* Assets.xcassets */,
				F6A5935823F0A38000E5A6F0 /* Photo */,
				F6A5935923F0A38600E5A6F0 /* Utils */,
			);
			path = Demo;
			sourceTree = "<group>";
		};
		F69AD2A323F09E7500FFB5CD /* DemoTests */ = {
			isa = PBXGroup;
			children = (
				F61931EC23F154720080DD42 /* Mocks */,
				F6A5938B23F0A99200E5A6F0 /* PhotoRepositoryTester.swift */,
				F61931F123F164B20080DD42 /* PhotoViewModelTester.swift */,
				F61931F323F172750080DD42 /* PhotosViewControllerTester.swift */,
				F6C9FCAC23F178730006DF50 /* PhotoCollectionViewControllerTester.swift */,
				F69AD2A623F09E7500FFB5CD /* Info.plist */,
			);
			path = DemoTests;
			sourceTree = "<group>";
		};
		F6A5935723F0A37B00E5A6F0 /* App */ = {
			isa = PBXGroup;
			children = (
				F6A5935323F0A33500E5A6F0 /* AppDelegate.swift */,
				F6A5935523F0A35100E5A6F0 /* DI.swift */,
				F6A5935B23F0A3EF00E5A6F0 /* LaunchScreen.storyboard */,
				F6A5935D23F0A3FC00E5A6F0 /* Main.storyboard */,
				F69AD29B23F09E7500FFB5CD /* Info.plist */,
			);
			path = App;
			sourceTree = "<group>";
		};
		F6A5935823F0A38000E5A6F0 /* Photo */ = {
			isa = PBXGroup;
			children = (
				F6A5937423F0A50900E5A6F0 /* PhotoDataSource.swift */,
				F6A5937623F0A50E00E5A6F0 /* PhotoRepository.swift */,
				F6A5937323F0A4FF00E5A6F0 /* UI */,
				F6A5937023F0A4F000E5A6F0 /* Model */,
			);
			path = Photo;
			sourceTree = "<group>";
		};
		F6A5935923F0A38600E5A6F0 /* Utils */ = {
			isa = PBXGroup;
			children = (
				F6A5936E23F0A4DF00E5A6F0 /* UIScrollImageView.swift */,
				F6A5936523F0A47D00E5A6F0 /* Localization */,
				F6A5935A23F0A39C00E5A6F0 /* Rx */,
			);
			path = Utils;
			sourceTree = "<group>";
		};
		F6A5935A23F0A39C00E5A6F0 /* Rx */ = {
			isa = PBXGroup;
			children = (
				F6A5935F23F0A46000E5A6F0 /* RxViewModel.swift */,
				F6A5936123F0A46300E5A6F0 /* RxRepository.swift */,
				F6A5936323F0A46600E5A6F0 /* RxViewController.swift */,
			);
			path = Rx;
			sourceTree = "<group>";
		};
		F6A5936523F0A47D00E5A6F0 /* Localization */ = {
			isa = PBXGroup;
			children = (
				F6A5936C23F0A4CD00E5A6F0 /* String.swift */,
				F6A5936A23F0A4AE00E5A6F0 /* Localizable.strings */,
			);
			path = Localization;
			sourceTree = "<group>";
		};
		F6A5937023F0A4F000E5A6F0 /* Model */ = {
			isa = PBXGroup;
			children = (
				F6A5937123F0A4FA00E5A6F0 /* PhotoCollection.swift */,
			);
			path = Model;
			sourceTree = "<group>";
		};
		F6A5937323F0A4FF00E5A6F0 /* UI */ = {
			isa = PBXGroup;
			children = (
				F6A5937E23F0A52E00E5A6F0 /* PhotoViewModel.swift */,
				F6A5937C23F0A52900E5A6F0 /* PhotosViewController.swift */,
				F6A5937A23F0A52400E5A6F0 /* PhotoCollectionViewController.swift */,
				F6A5937823F0A51B00E5A6F0 /* PhotoViewController.swift */,
				F6A5938223F0A55900E5A6F0 /* Cells */,
			);
			path = UI;
			sourceTree = "<group>";
		};
		F6A5938223F0A55900E5A6F0 /* Cells */ = {
			isa = PBXGroup;
			children = (
				F6A5938023F0A55600E5A6F0 /* PhotoTableViewCell.swift */,
				F6A5938323F0A56300E5A6F0 /* PhotoTableViewCell.xib */,
				F6A5938523F0A56800E5A6F0 /* PhotoCollectionViewCell.swift */,
				F6A5938723F0A56D00E5A6F0 /* PhotoCollectionViewCell.xib */,
			);
			path = Cells;
			sourceTree = "<group>";
		};
/* End PBXGroup section */

/* Begin PBXNativeTarget section */
		F69AD28923F09E7400FFB5CD /* Demo */ = {
			isa = PBXNativeTarget;
			buildConfigurationList = F69AD2A923F09E7500FFB5CD /* Build configuration list for PBXNativeTarget "Demo" */;
			buildPhases = (
				748DAA6A147F34E5165B8715 /* [CP] Check Pods Manifest.lock */,
				F69AD28623F09E7400FFB5CD /* Sources */,
				F69AD28723F09E7400FFB5CD /* Frameworks */,
				F69AD28823F09E7400FFB5CD /* Resources */,
			);
			buildRules = (
			);
			dependencies = (
			);
			name = Demo;
			productName = Demo;
			productReference = F69AD28A23F09E7400FFB5CD /* Demo.app */;
			productType = "com.apple.product-type.application";
		};
		F69AD29F23F09E7500FFB5CD /* DemoTests */ = {
			isa = PBXNativeTarget;
			buildConfigurationList = F69AD2AC23F09E7500FFB5CD /* Build configuration list for PBXNativeTarget "DemoTests" */;
			buildPhases = (
				7A9A09DCB6E4D2AA2E37ACAA /* [CP] Check Pods Manifest.lock */,
				F69AD29C23F09E7500FFB5CD /* Sources */,
				F69AD29D23F09E7500FFB5CD /* Frameworks */,
				F69AD29E23F09E7500FFB5CD /* Resources */,
			);
			buildRules = (
			);
			dependencies = (
				F69AD2A223F09E7500FFB5CD /* PBXTargetDependency */,
			);
			name = DemoTests;
			productName = DemoTests;
			productReference = F69AD2A023F09E7500FFB5CD /* DemoTests.xctest */;
			productType = "com.apple.product-type.bundle.unit-test";
		};
/* End PBXNativeTarget section */

/* Begin PBXProject section */
		F69AD28223F09E7400FFB5CD /* Project object */ = {
			isa = PBXProject;
			attributes = {
				LastSwiftUpdateCheck = 1130;
				LastUpgradeCheck = 1130;
				ORGANIZATIONNAME = matapps;
				TargetAttributes = {
					F69AD28923F09E7400FFB5CD = {
						CreatedOnToolsVersion = 11.3.1;
					};
					F69AD29F23F09E7500FFB5CD = {
						CreatedOnToolsVersion = 11.3.1;
						LastSwiftMigration = 1130;
						TestTargetID = F69AD28923F09E7400FFB5CD;
					};
				};
			};
			buildConfigurationList = F69AD28523F09E7400FFB5CD /* Build configuration list for PBXProject "Demo" */;
			compatibilityVersion = "Xcode 9.3";
			developmentRegion = en;
			hasScannedForEncodings = 0;
			knownRegions = (
				en,
				Base,
				fr,
			);
			mainGroup = F69AD28123F09E7400FFB5CD;
			productRefGroup = F69AD28B23F09E7400FFB5CD /* Products */;
			projectDirPath = "";
			projectRoot = "";
			targets = (
				F69AD28923F09E7400FFB5CD /* Demo */,
				F69AD29F23F09E7500FFB5CD /* DemoTests */,
			);
		};
/* End PBXProject section */

/* Begin PBXResourcesBuildPhase section */
		F69AD28823F09E7400FFB5CD /* Resources */ = {
			isa = PBXResourcesBuildPhase;
			buildActionMask = 2147483647;
			files = (
				F6A5935E23F0A3FC00E5A6F0 /* Main.storyboard in Resources */,
				F6A5936823F0A4AE00E5A6F0 /* Localizable.strings in Resources */,
				F6A5938423F0A56300E5A6F0 /* PhotoTableViewCell.xib in Resources */,
				F6A5938823F0A56D00E5A6F0 /* PhotoCollectionViewCell.xib in Resources */,
				F6A5935C23F0A3EF00E5A6F0 /* LaunchScreen.storyboard in Resources */,
				F69AD29723F09E7500FFB5CD /* Assets.xcassets in Resources */,
			);
			runOnlyForDeploymentPostprocessing = 0;
		};
		F69AD29E23F09E7500FFB5CD /* Resources */ = {
			isa = PBXResourcesBuildPhase;
			buildActionMask = 2147483647;
			files = (
			);
			runOnlyForDeploymentPostprocessing = 0;
		};
/* End PBXResourcesBuildPhase section */

/* Begin PBXShellScriptBuildPhase section */
		748DAA6A147F34E5165B8715 /* [CP] Check Pods Manifest.lock */ = {
			isa = PBXShellScriptBuildPhase;
			buildActionMask = 2147483647;
			files = (
			);
			inputFileListPaths = (
			);
			inputPaths = (
				"${PODS_PODFILE_DIR_PATH}/Podfile.lock",
				"${PODS_ROOT}/Manifest.lock",
			);
			name = "[CP] Check Pods Manifest.lock";
			outputFileListPaths = (
			);
			outputPaths = (
				"$(DERIVED_FILE_DIR)/Pods-Demo-checkManifestLockResult.txt",
			);
			runOnlyForDeploymentPostprocessing = 0;
			shellPath = /bin/sh;
			shellScript = "diff \"${PODS_PODFILE_DIR_PATH}/Podfile.lock\" \"${PODS_ROOT}/Manifest.lock\" > /dev/null\nif [ $? != 0 ] ; then\n    # print error to STDERR\n    echo \"error: The sandbox is not in sync with the Podfile.lock. Run 'pod install' or update your CocoaPods installation.\" >&2\n    exit 1\nfi\n# This output is used by Xcode 'outputs' to avoid re-running this script phase.\necho \"SUCCESS\" > \"${SCRIPT_OUTPUT_FILE_0}\"\n";
			showEnvVarsInLog = 0;
		};
		7A9A09DCB6E4D2AA2E37ACAA /* [CP] Check Pods Manifest.lock */ = {
			isa = PBXShellScriptBuildPhase;
			buildActionMask = 2147483647;
			files = (
			);
			inputFileListPaths = (
			);
			inputPaths = (
				"${PODS_PODFILE_DIR_PATH}/Podfile.lock",
				"${PODS_ROOT}/Manifest.lock",
			);
			name = "[CP] Check Pods Manifest.lock";
			outputFileListPaths = (
			);
			outputPaths = (
				"$(DERIVED_FILE_DIR)/Pods-DemoTests-checkManifestLockResult.txt",
			);
			runOnlyForDeploymentPostprocessing = 0;
			shellPath = /bin/sh;
			shellScript = "diff \"${PODS_PODFILE_DIR_PATH}/Podfile.lock\" \"${PODS_ROOT}/Manifest.lock\" > /dev/null\nif [ $? != 0 ] ; then\n    # print error to STDERR\n    echo \"error: The sandbox is not in sync with the Podfile.lock. Run 'pod install' or update your CocoaPods installation.\" >&2\n    exit 1\nfi\n# This output is used by Xcode 'outputs' to avoid re-running this script phase.\necho \"SUCCESS\" > \"${SCRIPT_OUTPUT_FILE_0}\"\n";
			showEnvVarsInLog = 0;
		};
/* End PBXShellScriptBuildPhase section */

/* Begin PBXSourcesBuildPhase section */
		F69AD28623F09E7400FFB5CD /* Sources */ = {
			isa = PBXSourcesBuildPhase;
			buildActionMask = 2147483647;
			files = (
				F6A5937523F0A50900E5A6F0 /* PhotoDataSource.swift in Sources */,
				F6A5937D23F0A52900E5A6F0 /* PhotosViewController.swift in Sources */,
				F6A5936D23F0A4D100E5A6F0 /* String.swift in Sources */,
				F6A5935423F0A33500E5A6F0 /* AppDelegate.swift in Sources */,
				F6A5936023F0A46000E5A6F0 /* RxViewModel.swift in Sources */,
				F6A5938123F0A55600E5A6F0 /* PhotoTableViewCell.swift in Sources */,
				F6A5935623F0A35100E5A6F0 /* DI.swift in Sources */,
				F6A5936223F0A46300E5A6F0 /* RxRepository.swift in Sources */,
				F6A5937F23F0A52E00E5A6F0 /* PhotoViewModel.swift in Sources */,
				F6A5938623F0A56800E5A6F0 /* PhotoCollectionViewCell.swift in Sources */,
				F6A5937723F0A50E00E5A6F0 /* PhotoRepository.swift in Sources */,
				F6A5937B23F0A52400E5A6F0 /* PhotoCollectionViewController.swift in Sources */,
				F6A5936F23F0A4DF00E5A6F0 /* UIScrollImageView.swift in Sources */,
				F6A5937223F0A4FA00E5A6F0 /* PhotoCollection.swift in Sources */,
				F6A5936423F0A46700E5A6F0 /* RxViewController.swift in Sources */,
				F6A5937923F0A51B00E5A6F0 /* PhotoViewController.swift in Sources */,
			);
			runOnlyForDeploymentPostprocessing = 0;
		};
		F69AD29C23F09E7500FFB5CD /* Sources */ = {
			isa = PBXSourcesBuildPhase;
			buildActionMask = 2147483647;
			files = (
				F61931F423F172750080DD42 /* PhotosViewControllerTester.swift in Sources */,
				F61931F023F1548B0080DD42 /* MockPhotoViewModel.swift in Sources */,
				F6A5938A23F0A98400E5A6F0 /* MockPhotoRepository.swift in Sources */,
				F61931EE23F1547F0080DD42 /* MockPhotoDataSource.swift in Sources */,
				F6C9FCAD23F178730006DF50 /* PhotoCollectionViewControllerTester.swift in Sources */,
				F61931F223F164B20080DD42 /* PhotoViewModelTester.swift in Sources */,
				F6A5938C23F0A99200E5A6F0 /* PhotoRepositoryTester.swift in Sources */,
			);
			runOnlyForDeploymentPostprocessing = 0;
		};
/* End PBXSourcesBuildPhase section */

/* Begin PBXTargetDependency section */
		F69AD2A223F09E7500FFB5CD /* PBXTargetDependency */ = {
			isa = PBXTargetDependency;
			target = F69AD28923F09E7400FFB5CD /* Demo */;
			targetProxy = F69AD2A123F09E7500FFB5CD /* PBXContainerItemProxy */;
		};
/* End PBXTargetDependency section */

/* Begin PBXVariantGroup section */
		F6A5936A23F0A4AE00E5A6F0 /* Localizable.strings */ = {
			isa = PBXVariantGroup;
			children = (
				F6A5936923F0A4AE00E5A6F0 /* fr */,
				F6A5936B23F0A4B600E5A6F0 /* en */,
			);
			name = Localizable.strings;
			sourceTree = "<group>";
		};
/* End PBXVariantGroup section */

/* Begin XCBuildConfiguration section */
		F69AD2A723F09E7500FFB5CD /* Debug */ = {
			isa = XCBuildConfiguration;
			buildSettings = {
				ALWAYS_SEARCH_USER_PATHS = NO;
				CLANG_ANALYZER_LOCALIZABILITY_NONLOCALIZED = YES;
				CLANG_ANALYZER_NONNULL = YES;
				CLANG_ANALYZER_NUMBER_OBJECT_CONVERSION = YES_AGGRESSIVE;
				CLANG_CXX_LANGUAGE_STANDARD = "gnu++14";
				CLANG_CXX_LIBRARY = "libc++";
				CLANG_ENABLE_MODULES = YES;
				CLANG_ENABLE_OBJC_ARC = YES;
				CLANG_ENABLE_OBJC_WEAK = YES;
				CLANG_WARN_BLOCK_CAPTURE_AUTORELEASING = YES;
				CLANG_WARN_BOOL_CONVERSION = YES;
				CLANG_WARN_COMMA = YES;
				CLANG_WARN_CONSTANT_CONVERSION = YES;
				CLANG_WARN_DEPRECATED_OBJC_IMPLEMENTATIONS = YES;
				CLANG_WARN_DIRECT_OBJC_ISA_USAGE = YES_ERROR;
				CLANG_WARN_DOCUMENTATION_COMMENTS = YES;
				CLANG_WARN_EMPTY_BODY = YES;
				CLANG_WARN_ENUM_CONVERSION = YES;
				CLANG_WARN_INFINITE_RECURSION = YES;
				CLANG_WARN_INT_CONVERSION = YES;
				CLANG_WARN_NON_LITERAL_NULL_CONVERSION = YES;
				CLANG_WARN_OBJC_IMPLICIT_RETAIN_SELF = YES;
				CLANG_WARN_OBJC_LITERAL_CONVERSION = YES;
				CLANG_WARN_OBJC_ROOT_CLASS = YES_ERROR;
				CLANG_WARN_RANGE_LOOP_ANALYSIS = YES;
				CLANG_WARN_STRICT_PROTOTYPES = YES;
				CLANG_WARN_SUSPICIOUS_MOVE = YES;
				CLANG_WARN_UNGUARDED_AVAILABILITY = YES_AGGRESSIVE;
				CLANG_WARN_UNREACHABLE_CODE = YES;
				CLANG_WARN__DUPLICATE_METHOD_MATCH = YES;
				COPY_PHASE_STRIP = NO;
				DEBUG_INFORMATION_FORMAT = dwarf;
				ENABLE_BITCODE = NO;
				ENABLE_STRICT_OBJC_MSGSEND = YES;
				ENABLE_TESTABILITY = YES;
				GCC_C_LANGUAGE_STANDARD = gnu11;
				GCC_DYNAMIC_NO_PIC = NO;
				GCC_NO_COMMON_BLOCKS = YES;
				GCC_OPTIMIZATION_LEVEL = 0;
				GCC_PREPROCESSOR_DEFINITIONS = (
					"DEBUG=1",
					"$(inherited)",
				);
				GCC_WARN_64_TO_32_BIT_CONVERSION = YES;
				GCC_WARN_ABOUT_RETURN_TYPE = YES_ERROR;
				GCC_WARN_UNDECLARED_SELECTOR = YES;
				GCC_WARN_UNINITIALIZED_AUTOS = YES_AGGRESSIVE;
				GCC_WARN_UNUSED_FUNCTION = YES;
				GCC_WARN_UNUSED_VARIABLE = YES;
				IPHONEOS_DEPLOYMENT_TARGET = 13.2;
				MTL_ENABLE_DEBUG_INFO = INCLUDE_SOURCE;
				MTL_FAST_MATH = YES;
				ONLY_ACTIVE_ARCH = YES;
				SDKROOT = iphoneos;
				SWIFT_ACTIVE_COMPILATION_CONDITIONS = DEBUG;
				SWIFT_OPTIMIZATION_LEVEL = "-Onone";
			};
			name = Debug;
		};
		F69AD2A823F09E7500FFB5CD /* Release */ = {
			isa = XCBuildConfiguration;
			buildSettings = {
				ALWAYS_SEARCH_USER_PATHS = NO;
				CLANG_ANALYZER_LOCALIZABILITY_NONLOCALIZED = YES;
				CLANG_ANALYZER_NONNULL = YES;
				CLANG_ANALYZER_NUMBER_OBJECT_CONVERSION = YES_AGGRESSIVE;
				CLANG_CXX_LANGUAGE_STANDARD = "gnu++14";
				CLANG_CXX_LIBRARY = "libc++";
				CLANG_ENABLE_MODULES = YES;
				CLANG_ENABLE_OBJC_ARC = YES;
				CLANG_ENABLE_OBJC_WEAK = YES;
				CLANG_WARN_BLOCK_CAPTURE_AUTORELEASING = YES;
				CLANG_WARN_BOOL_CONVERSION = YES;
				CLANG_WARN_COMMA = YES;
				CLANG_WARN_CONSTANT_CONVERSION = YES;
				CLANG_WARN_DEPRECATED_OBJC_IMPLEMENTATIONS = YES;
				CLANG_WARN_DIRECT_OBJC_ISA_USAGE = YES_ERROR;
				CLANG_WARN_DOCUMENTATION_COMMENTS = YES;
				CLANG_WARN_EMPTY_BODY = YES;
				CLANG_WARN_ENUM_CONVERSION = YES;
				CLANG_WARN_INFINITE_RECURSION = YES;
				CLANG_WARN_INT_CONVERSION = YES;
				CLANG_WARN_NON_LITERAL_NULL_CONVERSION = YES;
				CLANG_WARN_OBJC_IMPLICIT_RETAIN_SELF = YES;
				CLANG_WARN_OBJC_LITERAL_CONVERSION = YES;
				CLANG_WARN_OBJC_ROOT_CLASS = YES_ERROR;
				CLANG_WARN_RANGE_LOOP_ANALYSIS = YES;
				CLANG_WARN_STRICT_PROTOTYPES = YES;
				CLANG_WARN_SUSPICIOUS_MOVE = YES;
				CLANG_WARN_UNGUARDED_AVAILABILITY = YES_AGGRESSIVE;
				CLANG_WARN_UNREACHABLE_CODE = YES;
				CLANG_WARN__DUPLICATE_METHOD_MATCH = YES;
				COPY_PHASE_STRIP = NO;
				DEBUG_INFORMATION_FORMAT = "dwarf-with-dsym";
				ENABLE_BITCODE = NO;
				ENABLE_NS_ASSERTIONS = NO;
				ENABLE_STRICT_OBJC_MSGSEND = YES;
				GCC_C_LANGUAGE_STANDARD = gnu11;
				GCC_NO_COMMON_BLOCKS = YES;
				GCC_WARN_64_TO_32_BIT_CONVERSION = YES;
				GCC_WARN_ABOUT_RETURN_TYPE = YES_ERROR;
				GCC_WARN_UNDECLARED_SELECTOR = YES;
				GCC_WARN_UNINITIALIZED_AUTOS = YES_AGGRESSIVE;
				GCC_WARN_UNUSED_FUNCTION = YES;
				GCC_WARN_UNUSED_VARIABLE = YES;
				IPHONEOS_DEPLOYMENT_TARGET = 13.2;
				MTL_ENABLE_DEBUG_INFO = NO;
				MTL_FAST_MATH = YES;
				SDKROOT = iphoneos;
				SWIFT_COMPILATION_MODE = wholemodule;
				SWIFT_OPTIMIZATION_LEVEL = "-O";
				VALIDATE_PRODUCT = YES;
			};
			name = Release;
		};
		F69AD2AA23F09E7500FFB5CD /* Debug */ = {
			isa = XCBuildConfiguration;
			baseConfigurationReference = E77FC9804F2D2D05EEA9FF8E /* Pods-Demo.debug.xcconfig */;
			buildSettings = {
				ASSETCATALOG_COMPILER_APPICON_NAME = AppIcon;
				CODE_SIGN_STYLE = Automatic;
				DEVELOPMENT_TEAM = QJPL572NZY;
				INFOPLIST_FILE = Demo/App/Info.plist;
				LD_RUNPATH_SEARCH_PATHS = (
					"$(inherited)",
					"@executable_path/Frameworks",
				);
				PRODUCT_BUNDLE_IDENTIFIER = com.matapps.Demo;
				PRODUCT_NAME = "$(TARGET_NAME)";
				SWIFT_VERSION = 5.0;
				TARGETED_DEVICE_FAMILY = 1;
			};
			name = Debug;
		};
		F69AD2AB23F09E7500FFB5CD /* Release */ = {
			isa = XCBuildConfiguration;
			baseConfigurationReference = F3927D183BC5B74C7DC8DED3 /* Pods-Demo.release.xcconfig */;
			buildSettings = {
				ASSETCATALOG_COMPILER_APPICON_NAME = AppIcon;
				CODE_SIGN_STYLE = Automatic;
				DEVELOPMENT_TEAM = QJPL572NZY;
				INFOPLIST_FILE = Demo/App/Info.plist;
				LD_RUNPATH_SEARCH_PATHS = (
					"$(inherited)",
					"@executable_path/Frameworks",
				);
				PRODUCT_BUNDLE_IDENTIFIER = com.matapps.Demo;
				PRODUCT_NAME = "$(TARGET_NAME)";
				SWIFT_VERSION = 5.0;
				TARGETED_DEVICE_FAMILY = 1;
			};
			name = Release;
		};
		F69AD2AD23F09E7500FFB5CD /* Debug */ = {
			isa = XCBuildConfiguration;
			baseConfigurationReference = C2B433594DC0A1BAB4B894C0 /* Pods-DemoTests.debug.xcconfig */;
			buildSettings = {
				BUNDLE_LOADER = "$(TEST_HOST)";
				CLANG_ENABLE_MODULES = YES;
				CODE_SIGN_STYLE = Automatic;
				DEVELOPMENT_TEAM = QJPL572NZY;
				INFOPLIST_FILE = DemoTests/Info.plist;
				IPHONEOS_DEPLOYMENT_TARGET = 13.2;
				LD_RUNPATH_SEARCH_PATHS = (
					"$(inherited)",
					"@executable_path/Frameworks",
					"@loader_path/Frameworks",
				);
				PRODUCT_BUNDLE_IDENTIFIER = com.matapps.DemoTests;
				PRODUCT_NAME = "$(TARGET_NAME)";
				SWIFT_OPTIMIZATION_LEVEL = "-Onone";
				SWIFT_VERSION = 5.0;
				TARGETED_DEVICE_FAMILY = "1,2";
				TEST_HOST = "$(BUILT_PRODUCTS_DIR)/Demo.app/Demo";
			};
			name = Debug;
		};
		F69AD2AE23F09E7500FFB5CD /* Release */ = {
			isa = XCBuildConfiguration;
			baseConfigurationReference = 22F8E2B4F6FB69DBD2DE12AB /* Pods-DemoTests.release.xcconfig */;
			buildSettings = {
				BUNDLE_LOADER = "$(TEST_HOST)";
				CLANG_ENABLE_MODULES = YES;
				CODE_SIGN_STYLE = Automatic;
				DEVELOPMENT_TEAM = QJPL572NZY;
				INFOPLIST_FILE = DemoTests/Info.plist;
				IPHONEOS_DEPLOYMENT_TARGET = 13.2;
				LD_RUNPATH_SEARCH_PATHS = (
					"$(inherited)",
					"@executable_path/Frameworks",
					"@loader_path/Frameworks",
				);
				PRODUCT_BUNDLE_IDENTIFIER = com.matapps.DemoTests;
				PRODUCT_NAME = "$(TARGET_NAME)";
				SWIFT_VERSION = 5.0;
				TARGETED_DEVICE_FAMILY = "1,2";
				TEST_HOST = "$(BUILT_PRODUCTS_DIR)/Demo.app/Demo";
			};
			name = Release;
		};
/* End XCBuildConfiguration section */

/* Begin XCConfigurationList section */
		F69AD28523F09E7400FFB5CD /* Build configuration list for PBXProject "Demo" */ = {
			isa = XCConfigurationList;
			buildConfigurations = (
				F69AD2A723F09E7500FFB5CD /* Debug */,
				F69AD2A823F09E7500FFB5CD /* Release */,
			);
			defaultConfigurationIsVisible = 0;
			defaultConfigurationName = Release;
		};
		F69AD2A923F09E7500FFB5CD /* Build configuration list for PBXNativeTarget "Demo" */ = {
			isa = XCConfigurationList;
			buildConfigurations = (
				F69AD2AA23F09E7500FFB5CD /* Debug */,
				F69AD2AB23F09E7500FFB5CD /* Release */,
			);
			defaultConfigurationIsVisible = 0;
			defaultConfigurationName = Release;
		};
		F69AD2AC23F09E7500FFB5CD /* Build configuration list for PBXNativeTarget "DemoTests" */ = {
			isa = XCConfigurationList;
			buildConfigurations = (
				F69AD2AD23F09E7500FFB5CD /* Debug */,
				F69AD2AE23F09E7500FFB5CD /* Release */,
			);
			defaultConfigurationIsVisible = 0;
			defaultConfigurationName = Release;
		};
/* End XCConfigurationList section */
	};
	rootObject = F69AD28223F09E7400FFB5CD /* Project object */;
}
